
Microsoft Visual Studio Solution File, Format Version 12.00
# Visual Studio Version 16
VisualStudioVersion = 16.0.32802.440
MinimumVisualStudioVersion = 10.0.40219.1
Project("{8BC9CEB8-8B4A-11D0-8D11-00A0C91BC942}") = "Polynomial", "Polynomial\Polynomial.vcxproj", "{6BCC013C-D0B0-4105-9569-51E35461320D}"
EndProject
Project("{8BC9CEB8-8B4A-11D0-8D11-00A0C91BC942}") = "test", "test\test.vcxproj", "{279CC3AF-133B-4CA1-93FD-990DE01800F3}"
EndProject
Global
	GlobalSection(SolutionConfigurationPlatforms) = preSolution
		Debug|x64 = Debug|x64
		Debug|x86 = Debug|x86
		Release|x64 = Release|x64
		Release|x86 = Release|x86
	EndGlobalSection
	GlobalSection(ProjectConfigurationPlatforms) = postSolution
		{6BCC013C-D0B0-4105-9569-51E35461320D}.Debug|x64.ActiveCfg = Debug|x64
		{6BCC013C-D0B0-4105-9569-51E35461320D}.Debug|x64.Build.0 = Debug|x64
		{6BCC013C-D0B0-4105-9569-51E35461320D}.Debug|x86.ActiveCfg = Debug|Win32
		{6BCC013C-D0B0-4105-9569-51E35461320D}.Debug|x86.Build.0 = Debug|Win32
		{6BCC013C-D0B0-4105-9569-51E35461320D}.Release|x64.ActiveCfg = Release|x64
		{6BCC013C-D0B0-4105-9569-51E35461320D}.Release|x64.Build.0 = Release|x64
		{6BCC013C-D0B0-4105-9569-51E35461320D}.Release|x86.ActiveCfg = Release|Win32
		{6BCC013C-D0B0-4105-9569-51E35461320D}.Release|x86.Build.0 = Release|Win32
		{279CC3AF-133B-4CA1-93FD-990DE01800F3}.Debug|x64.ActiveCfg = Debug|x64
		{279CC3AF-133B-4CA1-93FD-990DE01800F3}.Debug|x64.Build.0 = Debug|x64
		{279CC3AF-133B-4CA1-93FD-990DE01800F3}.Debug|x86.ActiveCfg = Debug|Win32
		{279CC3AF-133B-4CA1-93FD-990DE01800F3}.Debug|x86.Build.0 = Debug|Win32
		{279CC3AF-133B-4CA1-93FD-990DE01800F3}.Release|x64.ActiveCfg = Release|x64
		{279CC3AF-133B-4CA1-93FD-990DE01800F3}.Release|x64.Build.0 = Release|x64
		{279CC3AF-133B-4CA1-93FD-990DE01800F3}.Release|x86.ActiveCfg = Release|Win32
		{279CC3AF-133B-4CA1-93FD-990DE01800F3}.Release|x86.Build.0 = Release|Win32
	EndGlobalSection
	GlobalSection(SolutionProperties) = preSolution
		HideSolutionNode = FALSE
	EndGlobalSection
	GlobalSection(ExtensibilityGlobals) = postSolution
		SolutionGuid = {530258EE-4178-4EB8-A1D3-58C01657F33B}
	EndGlobalSection
EndGlobal
